
Microsoft Visual Studio Solution File, Format Version 12.00
# Visual Studio 15
VisualStudioVersion = 15.0.28010.2026
MinimumVisualStudioVersion = 10.0.40219.1
Project("{8BC9CEB8-8B4A-11D0-8D11-00A0C91BC942}") = "ArithmeticWrapper", "ArithmeticWrapper\ArithmeticWrapper.vcxproj", "{36E48EC2-E6F3-4319-A1EB-C6BE7BF42CD0}"
	ProjectSection(ProjectDependencies) = postProject
		{0F2BA63B-242F-4537-9B5E-C8DC3F36C0D7} = {0F2BA63B-242F-4537-9B5E-C8DC3F36C0D7}
	EndProjectSection
EndProject
Project("{FAE04EC0-301F-11D3-BF4B-00C04F79EFBC}") = "ArithmeticWPF", "ArithmeticWPF\ArithmeticWPF.csproj", "{B1EEF3D1-82DB-445D-A7B3-6376AF6AE162}"
	ProjectSection(ProjectDependencies) = postProject
		{0F2BA63B-242F-4537-9B5E-C8DC3F36C0D7} = {0F2BA63B-242F-4537-9B5E-C8DC3F36C0D7}
	EndProjectSection
EndProject
Project("{8BC9CEB8-8B4A-11D0-8D11-00A0C91BC942}") = "ArithmeticCore", "ArithmeticCore\ArithmeticCore.vcxproj", "{0F2BA63B-242F-4537-9B5E-C8DC3F36C0D7}"
EndProject
Global
	GlobalSection(SolutionConfigurationPlatforms) = preSolution
		Debug|Any CPU = Debug|Any CPU
		Debug|x64 = Debug|x64
		Debug|x86 = Debug|x86
		Release|Any CPU = Release|Any CPU
		Release|x64 = Release|x64
		Release|x86 = Release|x86
	EndGlobalSection
	GlobalSection(ProjectConfigurationPlatforms) = postSolution
		{36E48EC2-E6F3-4319-A1EB-C6BE7BF42CD0}.Debug|Any CPU.ActiveCfg = Debug|Win32
		{36E48EC2-E6F3-4319-A1EB-C6BE7BF42CD0}.Debug|x64.ActiveCfg = Debug|x64
		{36E48EC2-E6F3-4319-A1EB-C6BE7BF42CD0}.Debug|x64.Build.0 = Debug|x64
		{36E48EC2-E6F3-4319-A1EB-C6BE7BF42CD0}.Debug|x86.ActiveCfg = Debug|Win32
		{36E48EC2-E6F3-4319-A1EB-C6BE7BF42CD0}.Debug|x86.Build.0 = Debug|Win32
		{36E48EC2-E6F3-4319-A1EB-C6BE7BF42CD0}.Release|Any CPU.ActiveCfg = Release|Win32
		{36E48EC2-E6F3-4319-A1EB-C6BE7BF42CD0}.Release|x64.ActiveCfg = Release|x64
		{36E48EC2-E6F3-4319-A1EB-C6BE7BF42CD0}.Release|x64.Build.0 = Release|x64
		{36E48EC2-E6F3-4319-A1EB-C6BE7BF42CD0}.Release|x86.ActiveCfg = Release|Win32
		{36E48EC2-E6F3-4319-A1EB-C6BE7BF42CD0}.Release|x86.Build.0 = Release|Win32
		{B1EEF3D1-82DB-445D-A7B3-6376AF6AE162}.Debug|Any CPU.ActiveCfg = Debug|Any CPU
		{B1EEF3D1-82DB-445D-A7B3-6376AF6AE162}.Debug|Any CPU.Build.0 = Debug|Any CPU
		{B1EEF3D1-82DB-445D-A7B3-6376AF6AE162}.Debug|x64.ActiveCfg = Debug|Any CPU
		{B1EEF3D1-82DB-445D-A7B3-6376AF6AE162}.Debug|x64.Build.0 = Debug|Any CPU
		{B1EEF3D1-82DB-445D-A7B3-6376AF6AE162}.Debug|x86.ActiveCfg = Debug|Any CPU
		{B1EEF3D1-82DB-445D-A7B3-6376AF6AE162}.Debug|x86.Build.0 = Debug|Any CPU
		{B1EEF3D1-82DB-445D-A7B3-6376AF6AE162}.Release|Any CPU.ActiveCfg = Release|Any CPU
		{B1EEF3D1-82DB-445D-A7B3-6376AF6AE162}.Release|Any CPU.Build.0 = Release|Any CPU
		{B1EEF3D1-82DB-445D-A7B3-6376AF6AE162}.Release|x64.ActiveCfg = Release|Any CPU
		{B1EEF3D1-82DB-445D-A7B3-6376AF6AE162}.Release|x64.Build.0 = Release|Any CPU
		{B1EEF3D1-82DB-445D-A7B3-6376AF6AE162}.Release|x86.ActiveCfg = Release|Any CPU
		{B1EEF3D1-82DB-445D-A7B3-6376AF6AE162}.Release|x86.Build.0 = Release|Any CPU
		{0F2BA63B-242F-4537-9B5E-C8DC3F36C0D7}.Debug|Any CPU.ActiveCfg = Debug|Win32
		{0F2BA63B-242F-4537-9B5E-C8DC3F36C0D7}.Debug|x64.ActiveCfg = Debug|x64
		{0F2BA63B-242F-4537-9B5E-C8DC3F36C0D7}.Debug|x64.Build.0 = Debug|x64
		{0F2BA63B-242F-4537-9B5E-C8DC3F36C0D7}.Debug|x86.ActiveCfg = Debug|Win32
		{0F2BA63B-242F-4537-9B5E-C8DC3F36C0D7}.Debug|x86.Build.0 = Debug|Win32
		{0F2BA63B-242F-4537-9B5E-C8DC3F36C0D7}.Release|Any CPU.ActiveCfg = Release|Win32
		{0F2BA63B-242F-4537-9B5E-C8DC3F36C0D7}.Release|x64.ActiveCfg = Release|x64
		{0F2BA63B-242F-4537-9B5E-C8DC3F36C0D7}.Release|x64.Build.0 = Release|x64
		{0F2BA63B-242F-4537-9B5E-C8DC3F36C0D7}.Release|x86.ActiveCfg = Release|Win32
		{0F2BA63B-242F-4537-9B5E-C8DC3F36C0D7}.Release|x86.Build.0 = Release|Win32
	EndGlobalSection
	GlobalSection(SolutionProperties) = preSolution
		HideSolutionNode = FALSE
	EndGlobalSection
	GlobalSection(ExtensibilityGlobals) = postSolution
		SolutionGuid = {DE056F1B-C312-4BEF-BFB6-F92E7CC0B54F}
	EndGlobalSection
EndGlobal
